
Microsoft Visual Studio Solution File, Format Version 12.00
# Visual Studio Version 17
VisualStudioVersion = 17.0.31912.275
MinimumVisualStudioVersion = 10.0.40219.1
Project("{9A19103F-16F7-4668-BE54-9A1E7A4F7556}") = "dotAPNS", "dotAPNS\dotAPNS.csproj", "{04BE6D94-9409-4EF6-884D-CBA9209B6D19}"
EndProject
Project("{9A19103F-16F7-4668-BE54-9A1E7A4F7556}") = "dotAPNS.Tests", "dotAPNS.Tests\dotAPNS.Tests.csproj", "{114A89DB-1A6E-49B2-BAD2-6F92CF18F2F0}"
EndProject
Project("{9A19103F-16F7-4668-BE54-9A1E7A4F7556}") = "dotAPNS.AspNetCore", "dotAPNS.AspNetCore\dotAPNS.AspNetCore.csproj", "{42A35A1E-F7A3-44D6-87B8-CF4337B3FCE5}"
EndProject
Project("{2150E333-8FDC-42A3-9474-1A3956D46DE8}") = "Solution Items", "Solution Items", "{F948C532-C149-4E8F-AAC8-415008231BEC}"
	ProjectSection(SolutionItems) = preProject
		Directory.Build.props = Directory.Build.props
		README.md = README.md
	EndProjectSection
EndProject
Project("{9A19103F-16F7-4668-BE54-9A1E7A4F7556}") = "dotAPNS.Core", "dotAPNS.Core\dotAPNS.Core.csproj", "{1DA99DFD-B7C8-4C8C-A8D2-4EDACDCF5699}"
EndProject
Project("{FAE04EC0-301F-11D3-BF4B-00C04F79EFBC}") = "dotAPNS.Benchmarks", "dotAPNS.Benchmarks\dotAPNS.Benchmarks.csproj", "{B8864988-DD7B-463C-B92E-C40B97CB53EB}"
EndProject
Global
	GlobalSection(SolutionConfigurationPlatforms) = preSolution
		Debug|Any CPU = Debug|Any CPU
		Release|Any CPU = Release|Any CPU
	EndGlobalSection
	GlobalSection(ProjectConfigurationPlatforms) = postSolution
		{04BE6D94-9409-4EF6-884D-CBA9209B6D19}.Debug|Any CPU.ActiveCfg = Debug|Any CPU
		{04BE6D94-9409-4EF6-884D-CBA9209B6D19}.Debug|Any CPU.Build.0 = Debug|Any CPU
		{04BE6D94-9409-4EF6-884D-CBA9209B6D19}.Release|Any CPU.ActiveCfg = Release|Any CPU
		{04BE6D94-9409-4EF6-884D-CBA9209B6D19}.Release|Any CPU.Build.0 = Release|Any CPU
		{114A89DB-1A6E-49B2-BAD2-6F92CF18F2F0}.Debug|Any CPU.ActiveCfg = Debug|Any CPU
		{114A89DB-1A6E-49B2-BAD2-6F92CF18F2F0}.Debug|Any CPU.Build.0 = Debug|Any CPU
		{114A89DB-1A6E-49B2-BAD2-6F92CF18F2F0}.Release|Any CPU.ActiveCfg = Release|Any CPU
		{114A89DB-1A6E-49B2-BAD2-6F92CF18F2F0}.Release|Any CPU.Build.0 = Release|Any CPU
		{42A35A1E-F7A3-44D6-87B8-CF4337B3FCE5}.Debug|Any CPU.ActiveCfg = Debug|Any CPU
		{42A35A1E-F7A3-44D6-87B8-CF4337B3FCE5}.Debug|Any CPU.Build.0 = Debug|Any CPU
		{42A35A1E-F7A3-44D6-87B8-CF4337B3FCE5}.Release|Any CPU.ActiveCfg = Release|Any CPU
		{42A35A1E-F7A3-44D6-87B8-CF4337B3FCE5}.Release|Any CPU.Build.0 = Release|Any CPU
		{1DA99DFD-B7C8-4C8C-A8D2-4EDACDCF5699}.Debug|Any CPU.ActiveCfg = Debug|Any CPU
		{1DA99DFD-B7C8-4C8C-A8D2-4EDACDCF5699}.Debug|Any CPU.Build.0 = Debug|Any CPU
		{1DA99DFD-B7C8-4C8C-A8D2-4EDACDCF5699}.Release|Any CPU.ActiveCfg = Release|Any CPU
		{1DA99DFD-B7C8-4C8C-A8D2-4EDACDCF5699}.Release|Any CPU.Build.0 = Release|Any CPU
		{B8864988-DD7B-463C-B92E-C40B97CB53EB}.Debug|Any CPU.ActiveCfg = Debug|Any CPU
		{B8864988-DD7B-463C-B92E-C40B97CB53EB}.Debug|Any CPU.Build.0 = Debug|Any CPU
		{B8864988-DD7B-463C-B92E-C40B97CB53EB}.Release|Any CPU.ActiveCfg = Release|Any CPU
		{B8864988-DD7B-463C-B92E-C40B97CB53EB}.Release|Any CPU.Build.0 = Release|Any CPU
	EndGlobalSection
	GlobalSection(SolutionProperties) = preSolution
		HideSolutionNode = FALSE
	EndGlobalSection
	GlobalSection(ExtensibilityGlobals) = postSolution
		SolutionGuid = {833358AC-A3CA-4BD8-AE8A-DD81AD0FDB89}
	EndGlobalSection
EndGlobal
